
Microsoft Visual Studio Solution File, Format Version 12.00
# Visual Studio 15
VisualStudioVersion = 15.0.26124.0
MinimumVisualStudioVersion = 15.0.26124.0
Project("{FAE04EC0-301F-11D3-BF4B-00C04F79EFBC}") = "herosApp", "herosApp.csproj", "{4E173130-9DCD-4553-85C5-11DA3C0DACB6}"
EndProject
Project("{FAE04EC0-301F-11D3-BF4B-00C04F79EFBC}") = "herosLib", "herosLib\herosLib.csproj", "{DAD43EDC-88B2-44FB-B691-5CBB4E3B8AD0}"
EndProject
Project("{FAE04EC0-301F-11D3-BF4B-00C04F79EFBC}") = "herosDB", "herosDB\herosDB.csproj", "{D12388DA-3BB9-4040-8099-D4DD1C2C12F7}"
EndProject
Project("{FAE04EC0-301F-11D3-BF4B-00C04F79EFBC}") = "herosTest", "herosTest\herosTest.csproj", "{92B7C68A-C2AD-454A-B72A-C510EE4D6768}"
EndProject
Project("{FAE04EC0-301F-11D3-BF4B-00C04F79EFBC}") = "herosUI", "herosUI\herosUI.csproj", "{7CFD3C14-37F9-4521-861B-4263F3A3A2A6}"
EndProject
Global
	GlobalSection(SolutionConfigurationPlatforms) = preSolution
		Debug|Any CPU = Debug|Any CPU
		Debug|x64 = Debug|x64
		Debug|x86 = Debug|x86
		Release|Any CPU = Release|Any CPU
		Release|x64 = Release|x64
		Release|x86 = Release|x86
	EndGlobalSection
	GlobalSection(SolutionProperties) = preSolution
		HideSolutionNode = FALSE
	EndGlobalSection
	GlobalSection(ProjectConfigurationPlatforms) = postSolution
		{4E173130-9DCD-4553-85C5-11DA3C0DACB6}.Debug|Any CPU.ActiveCfg = Debug|Any CPU
		{4E173130-9DCD-4553-85C5-11DA3C0DACB6}.Debug|Any CPU.Build.0 = Debug|Any CPU
		{4E173130-9DCD-4553-85C5-11DA3C0DACB6}.Debug|x64.ActiveCfg = Debug|Any CPU
		{4E173130-9DCD-4553-85C5-11DA3C0DACB6}.Debug|x64.Build.0 = Debug|Any CPU
		{4E173130-9DCD-4553-85C5-11DA3C0DACB6}.Debug|x86.ActiveCfg = Debug|Any CPU
		{4E173130-9DCD-4553-85C5-11DA3C0DACB6}.Debug|x86.Build.0 = Debug|Any CPU
		{4E173130-9DCD-4553-85C5-11DA3C0DACB6}.Release|Any CPU.ActiveCfg = Release|Any CPU
		{4E173130-9DCD-4553-85C5-11DA3C0DACB6}.Release|Any CPU.Build.0 = Release|Any CPU
		{4E173130-9DCD-4553-85C5-11DA3C0DACB6}.Release|x64.ActiveCfg = Release|Any CPU
		{4E173130-9DCD-4553-85C5-11DA3C0DACB6}.Release|x64.Build.0 = Release|Any CPU
		{4E173130-9DCD-4553-85C5-11DA3C0DACB6}.Release|x86.ActiveCfg = Release|Any CPU
		{4E173130-9DCD-4553-85C5-11DA3C0DACB6}.Release|x86.Build.0 = Release|Any CPU
		{F5894C6D-4C80-44D4-BB99-96327CE4B190}.Debug|Any CPU.ActiveCfg = Debug|Any CPU
		{F5894C6D-4C80-44D4-BB99-96327CE4B190}.Debug|Any CPU.Build.0 = Debug|Any CPU
		{F5894C6D-4C80-44D4-BB99-96327CE4B190}.Debug|x64.ActiveCfg = Debug|Any CPU
		{F5894C6D-4C80-44D4-BB99-96327CE4B190}.Debug|x64.Build.0 = Debug|Any CPU
		{F5894C6D-4C80-44D4-BB99-96327CE4B190}.Debug|x86.ActiveCfg = Debug|Any CPU
		{F5894C6D-4C80-44D4-BB99-96327CE4B190}.Debug|x86.Build.0 = Debug|Any CPU
		{F5894C6D-4C80-44D4-BB99-96327CE4B190}.Release|Any CPU.ActiveCfg = Release|Any CPU
		{F5894C6D-4C80-44D4-BB99-96327CE4B190}.Release|Any CPU.Build.0 = Release|Any CPU
		{F5894C6D-4C80-44D4-BB99-96327CE4B190}.Release|x64.ActiveCfg = Release|Any CPU
		{F5894C6D-4C80-44D4-BB99-96327CE4B190}.Release|x64.Build.0 = Release|Any CPU
		{F5894C6D-4C80-44D4-BB99-96327CE4B190}.Release|x86.ActiveCfg = Release|Any CPU
		{F5894C6D-4C80-44D4-BB99-96327CE4B190}.Release|x86.Build.0 = Release|Any CPU
		{DAD43EDC-88B2-44FB-B691-5CBB4E3B8AD0}.Debug|Any CPU.ActiveCfg = Debug|Any CPU
		{DAD43EDC-88B2-44FB-B691-5CBB4E3B8AD0}.Debug|Any CPU.Build.0 = Debug|Any CPU
		{DAD43EDC-88B2-44FB-B691-5CBB4E3B8AD0}.Debug|x64.ActiveCfg = Debug|Any CPU
		{DAD43EDC-88B2-44FB-B691-5CBB4E3B8AD0}.Debug|x64.Build.0 = Debug|Any CPU
		{DAD43EDC-88B2-44FB-B691-5CBB4E3B8AD0}.Debug|x86.ActiveCfg = Debug|Any CPU
		{DAD43EDC-88B2-44FB-B691-5CBB4E3B8AD0}.Debug|x86.Build.0 = Debug|Any CPU
		{DAD43EDC-88B2-44FB-B691-5CBB4E3B8AD0}.Release|Any CPU.ActiveCfg = Release|Any CPU
		{DAD43EDC-88B2-44FB-B691-5CBB4E3B8AD0}.Release|Any CPU.Build.0 = Release|Any CPU
		{DAD43EDC-88B2-44FB-B691-5CBB4E3B8AD0}.Release|x64.ActiveCfg = Release|Any CPU
		{DAD43EDC-88B2-44FB-B691-5CBB4E3B8AD0}.Release|x64.Build.0 = Release|Any CPU
		{DAD43EDC-88B2-44FB-B691-5CBB4E3B8AD0}.Release|x86.ActiveCfg = Release|Any CPU
		{DAD43EDC-88B2-44FB-B691-5CBB4E3B8AD0}.Release|x86.Build.0 = Release|Any CPU
		{D12388DA-3BB9-4040-8099-D4DD1C2C12F7}.Debug|Any CPU.ActiveCfg = Debug|Any CPU
		{D12388DA-3BB9-4040-8099-D4DD1C2C12F7}.Debug|Any CPU.Build.0 = Debug|Any CPU
		{D12388DA-3BB9-4040-8099-D4DD1C2C12F7}.Debug|x64.ActiveCfg = Debug|Any CPU
		{D12388DA-3BB9-4040-8099-D4DD1C2C12F7}.Debug|x64.Build.0 = Debug|Any CPU
		{D12388DA-3BB9-4040-8099-D4DD1C2C12F7}.Debug|x86.ActiveCfg = Debug|Any CPU
		{D12388DA-3BB9-4040-8099-D4DD1C2C12F7}.Debug|x86.Build.0 = Debug|Any CPU
		{D12388DA-3BB9-4040-8099-D4DD1C2C12F7}.Release|Any CPU.ActiveCfg = Release|Any CPU
		{D12388DA-3BB9-4040-8099-D4DD1C2C12F7}.Release|Any CPU.Build.0 = Release|Any CPU
		{D12388DA-3BB9-4040-8099-D4DD1C2C12F7}.Release|x64.ActiveCfg = Release|Any CPU
		{D12388DA-3BB9-4040-8099-D4DD1C2C12F7}.Release|x64.Build.0 = Release|Any CPU
		{D12388DA-3BB9-4040-8099-D4DD1C2C12F7}.Release|x86.ActiveCfg = Release|Any CPU
		{D12388DA-3BB9-4040-8099-D4DD1C2C12F7}.Release|x86.Build.0 = Release|Any CPU
		{92B7C68A-C2AD-454A-B72A-C510EE4D6768}.Debug|Any CPU.ActiveCfg = Debug|Any CPU
		{92B7C68A-C2AD-454A-B72A-C510EE4D6768}.Debug|Any CPU.Build.0 = Debug|Any CPU
		{92B7C68A-C2AD-454A-B72A-C510EE4D6768}.Debug|x64.ActiveCfg = Debug|Any CPU
		{92B7C68A-C2AD-454A-B72A-C510EE4D6768}.Debug|x64.Build.0 = Debug|Any CPU
		{92B7C68A-C2AD-454A-B72A-C510EE4D6768}.Debug|x86.ActiveCfg = Debug|Any CPU
		{92B7C68A-C2AD-454A-B72A-C510EE4D6768}.Debug|x86.Build.0 = Debug|Any CPU
		{92B7C68A-C2AD-454A-B72A-C510EE4D6768}.Release|Any CPU.ActiveCfg = Release|Any CPU
		{92B7C68A-C2AD-454A-B72A-C510EE4D6768}.Release|Any CPU.Build.0 = Release|Any CPU
		{92B7C68A-C2AD-454A-B72A-C510EE4D6768}.Release|x64.ActiveCfg = Release|Any CPU
		{92B7C68A-C2AD-454A-B72A-C510EE4D6768}.Release|x64.Build.0 = Release|Any CPU
		{92B7C68A-C2AD-454A-B72A-C510EE4D6768}.Release|x86.ActiveCfg = Release|Any CPU
		{92B7C68A-C2AD-454A-B72A-C510EE4D6768}.Release|x86.Build.0 = Release|Any CPU
		{7CFD3C14-37F9-4521-861B-4263F3A3A2A6}.Debug|Any CPU.ActiveCfg = Debug|Any CPU
		{7CFD3C14-37F9-4521-861B-4263F3A3A2A6}.Debug|Any CPU.Build.0 = Debug|Any CPU
		{7CFD3C14-37F9-4521-861B-4263F3A3A2A6}.Debug|x64.ActiveCfg = Debug|Any CPU
		{7CFD3C14-37F9-4521-861B-4263F3A3A2A6}.Debug|x64.Build.0 = Debug|Any CPU
		{7CFD3C14-37F9-4521-861B-4263F3A3A2A6}.Debug|x86.ActiveCfg = Debug|Any CPU
		{7CFD3C14-37F9-4521-861B-4263F3A3A2A6}.Debug|x86.Build.0 = Debug|Any CPU
		{7CFD3C14-37F9-4521-861B-4263F3A3A2A6}.Release|Any CPU.ActiveCfg = Release|Any CPU
		{7CFD3C14-37F9-4521-861B-4263F3A3A2A6}.Release|Any CPU.Build.0 = Release|Any CPU
		{7CFD3C14-37F9-4521-861B-4263F3A3A2A6}.Release|x64.ActiveCfg = Release|Any CPU
		{7CFD3C14-37F9-4521-861B-4263F3A3A2A6}.Release|x64.Build.0 = Release|Any CPU
		{7CFD3C14-37F9-4521-861B-4263F3A3A2A6}.Release|x86.ActiveCfg = Release|Any CPU
		{7CFD3C14-37F9-4521-861B-4263F3A3A2A6}.Release|x86.Build.0 = Release|Any CPU
	EndGlobalSection
EndGlobal
